# @generated by Move, please check-in and do not edit manually.

[move]
version = 2
manifest_digest = "2E5D3BF1A2D1412765502C6C9D9C092DE0017D1D3574C553992DCCA51D29F66A"
deps_digest = "3C4103934B1E040BB6B23F1D610B4EF9F2F1166A50A104EADCF77467C004C600"
dependencies = [
  { name = "Sui" },
  { name = "move_pump" },
]

[[move.package]]
name = "BlueMoveDex"
source = { local = "../bluemove_dex_no_vec_mainnet" }

dependencies = [
  { name = "Sui" },
]

[[move.package]]
name = "MoveStdlib"
source = { git = "https://github.com/MystenLabs/sui.git", rev = "framework/mainnet", subdir = "crates/sui-framework/packages/move-stdlib" }

[[move.package]]
name = "Sui"
source = { git = "https://github.com/MystenLabs/sui.git", rev = "framework/mainnet", subdir = "crates/sui-framework/packages/sui-framework" }

dependencies = [
  { name = "MoveStdlib" },
]

[[move.package]]
name = "move_pump"
source = { local = "../move_pump" }

dependencies = [
  { name = "BlueMoveDex" },
  { name = "Sui" },
]

[move.toolchain-version]
compiler-version = "1.30.3"
edition = "2024.beta"
flavor = "sui"

[env]

[env.mainnet]
chain-id = "35834a8a"
original-published-id = "0x4505cd80a520f64ed9070ffc35935e8bfdea729fdc440f72181cff3db8f9c0f7"
latest-published-id = "0x4505cd80a520f64ed9070ffc35935e8bfdea729fdc440f72181cff3db8f9c0f7"
published-version = "1"
